// !$*UTF8*$!
{
	archiveVersion = 1;
	classes = {
	};
	objectVersion = 56;
	objects = {

/* Begin PBXBuildFile section */
		83E8EA3F721AC18D9967BC56 /* Pods_SimplyTallyCounter.framework in Frameworks */ = {isa = PBXBuildFile; fileRef = BFB1C05DB358360D6F959F70 /* Pods_SimplyTallyCounter.framework */; };
		FA2771252982052F0051A0B3 /* SettingViewController.swift in Sources */ = {isa = PBXBuildFile; fileRef = FA2771232982052F0051A0B3 /* SettingViewController.swift */; };
		FA2771262982052F0051A0B3 /* SettingViewController.xib in Resources */ = {isa = PBXBuildFile; fileRef = FA2771242982052F0051A0B3 /* SettingViewController.xib */; };
		FA27712B29820B760051A0B3 /* MyAdUnit.swift in Sources */ = {isa = PBXBuildFile; fileRef = FA27712829820B760051A0B3 /* MyAdUnit.swift */; };
		FA27712C29820B760051A0B3 /* BannerAd.swift in Sources */ = {isa = PBXBuildFile; fileRef = FA27712929820B760051A0B3 /* BannerAd.swift */; };
		FA27712D29820B760051A0B3 /* InterstitialAd.swift in Sources */ = {isa = PBXBuildFile; fileRef = FA27712A29820B760051A0B3 /* InterstitialAd.swift */; };
		FA27712F29820B9E0051A0B3 /* RatingAppManager.swift in Sources */ = {isa = PBXBuildFile; fileRef = FA27712E29820B9E0051A0B3 /* RatingAppManager.swift */; };
		FA27713229820E2A0051A0B3 /* Defaults in Frameworks */ = {isa = PBXBuildFile; productRef = FA27713129820E2A0051A0B3 /* Defaults */; };
		FA27713429820EE20051A0B3 /* Bundle.swift in Sources */ = {isa = PBXBuildFile; fileRef = FA27713329820EE20051A0B3 /* Bundle.swift */; };
		FA27713629820F210051A0B3 /* UIApplicationExtension.swift in Sources */ = {isa = PBXBuildFile; fileRef = FA27713529820F210051A0B3 /* UIApplicationExtension.swift */; };
		FA27713829820F680051A0B3 /* MyAdUnitExtension.swift in Sources */ = {isa = PBXBuildFile; fileRef = FA27713729820F680051A0B3 /* MyAdUnitExtension.swift */; };
		FA27713A29820FAF0051A0B3 /* SpeedLog.swift in Sources */ = {isa = PBXBuildFile; fileRef = FA27713929820FAF0051A0B3 /* SpeedLog.swift */; };
		FA27713C29820FC00051A0B3 /* UIViewExtension.swift in Sources */ = {isa = PBXBuildFile; fileRef = FA27713B29820FC00051A0B3 /* UIViewExtension.swift */; };
		FA27713E29820FF90051A0B3 /* StringExtension.swift in Sources */ = {isa = PBXBuildFile; fileRef = FA27713D29820FF90051A0B3 /* StringExtension.swift */; };
		FA2771432982190E0051A0B3 /* IOSVersion.swift in Sources */ = {isa = PBXBuildFile; fileRef = FA2771422982190E0051A0B3 /* IOSVersion.swift */; };
		FA3BD14E29831648004AFE93 /* IntroView.xib in Resources */ = {isa = PBXBuildFile; fileRef = FA3BD14D29831648004AFE93 /* IntroView.xib */; };
		FA3BD1502983166E004AFE93 /* IntroView.swift in Sources */ = {isa = PBXBuildFile; fileRef = FA3BD14F2983166E004AFE93 /* IntroView.swift */; };
		FA3BD15429836070004AFE93 /* UIWindowExtension.swift in Sources */ = {isa = PBXBuildFile; fileRef = FA3BD15329836070004AFE93 /* UIWindowExtension.swift */; };
		FA3BD156298365AB004AFE93 /* AppOpenAd.swift in Sources */ = {isa = PBXBuildFile; fileRef = FA3BD155298365AB004AFE93 /* AppOpenAd.swift */; };
		FA62F11F2966963500D84B0D /* AppDelegate.swift in Sources */ = {isa = PBXBuildFile; fileRef = FA62F11E2966963500D84B0D /* AppDelegate.swift */; };
		FA62F1212966963500D84B0D /* SceneDelegate.swift in Sources */ = {isa = PBXBuildFile; fileRef = FA62F1202966963500D84B0D /* SceneDelegate.swift */; };
		FA62F1232966963500D84B0D /* ViewController.swift in Sources */ = {isa = PBXBuildFile; fileRef = FA62F1222966963500D84B0D /* ViewController.swift */; };
		FA62F1262966963500D84B0D /* Main.storyboard in Resources */ = {isa = PBXBuildFile; fileRef = FA62F1242966963500D84B0D /* Main.storyboard */; };
		FA62F1282966963700D84B0D /* Assets.xcassets in Resources */ = {isa = PBXBuildFile; fileRef = FA62F1272966963700D84B0D /* Assets.xcassets */; };
		FA62F12B2966963700D84B0D /* LaunchScreen.storyboard in Resources */ = {isa = PBXBuildFile; fileRef = FA62F1292966963700D84B0D /* LaunchScreen.storyboard */; };
		FA950DA9298242C700EDBD8F /* RoundButton.swift in Sources */ = {isa = PBXBuildFile; fileRef = FA950DA8298242C700EDBD8F /* RoundButton.swift */; };
/* End PBXBuildFile section */

/* Begin PBXFileReference section */
		8E1845608E5E8EFA7FAFF0C0 /* Pods-SimplyTallyCounter.release.xcconfig */ = {isa = PBXFileReference; includeInIndex = 1; lastKnownFileType = text.xcconfig; name = "Pods-SimplyTallyCounter.release.xcconfig"; path = "Target Support Files/Pods-SimplyTallyCounter/Pods-SimplyTallyCounter.release.xcconfig"; sourceTree = "<group>"; };
		BFB1C05DB358360D6F959F70 /* Pods_SimplyTallyCounter.framework */ = {isa = PBXFileReference; explicitFileType = wrapper.framework; includeInIndex = 0; path = Pods_SimplyTallyCounter.framework; sourceTree = BUILT_PRODUCTS_DIR; };
		D5781EB08F487BEDB1E50C3E /* Pods-SimplyTallyCounter.debug.xcconfig */ = {isa = PBXFileReference; includeInIndex = 1; lastKnownFileType = text.xcconfig; name = "Pods-SimplyTallyCounter.debug.xcconfig"; path = "Target Support Files/Pods-SimplyTallyCounter/Pods-SimplyTallyCounter.debug.xcconfig"; sourceTree = "<group>"; };
		FA2771232982052F0051A0B3 /* SettingViewController.swift */ = {isa = PBXFileReference; lastKnownFileType = sourcecode.swift; path = SettingViewController.swift; sourceTree = "<group>"; };
		FA2771242982052F0051A0B3 /* SettingViewController.xib */ = {isa = PBXFileReference; lastKnownFileType = file.xib; path = SettingViewController.xib; sourceTree = "<group>"; };
		FA27712829820B760051A0B3 /* MyAdUnit.swift */ = {isa = PBXFileReference; fileEncoding = 4; lastKnownFileType = sourcecode.swift; path = MyAdUnit.swift; sourceTree = "<group>"; };
		FA27712929820B760051A0B3 /* BannerAd.swift */ = {isa = PBXFileReference; fileEncoding = 4; lastKnownFileType = sourcecode.swift; path = BannerAd.swift; sourceTree = "<group>"; };
		FA27712A29820B760051A0B3 /* InterstitialAd.swift */ = {isa = PBXFileReference; fileEncoding = 4; lastKnownFileType = sourcecode.swift; path = InterstitialAd.swift; sourceTree = "<group>"; };
		FA27712E29820B9E0051A0B3 /* RatingAppManager.swift */ = {isa = PBXFileReference; fileEncoding = 4; lastKnownFileType = sourcecode.swift; path = RatingAppManager.swift; sourceTree = "<group>"; };
		FA27713329820EE20051A0B3 /* Bundle.swift */ = {isa = PBXFileReference; fileEncoding = 4; lastKnownFileType = sourcecode.swift; path = Bundle.swift; sourceTree = "<group>"; };
		FA27713529820F210051A0B3 /* UIApplicationExtension.swift */ = {isa = PBXFileReference; fileEncoding = 4; lastKnownFileType = sourcecode.swift; path = UIApplicationExtension.swift; sourceTree = "<group>"; };
		FA27713729820F680051A0B3 /* MyAdUnitExtension.swift */ = {isa = PBXFileReference; fileEncoding = 4; lastKnownFileType = sourcecode.swift; path = MyAdUnitExtension.swift; sourceTree = "<group>"; };
		FA27713929820FAF0051A0B3 /* SpeedLog.swift */ = {isa = PBXFileReference; fileEncoding = 4; lastKnownFileType = sourcecode.swift; path = SpeedLog.swift; sourceTree = "<group>"; };
		FA27713B29820FC00051A0B3 /* UIViewExtension.swift */ = {isa = PBXFileReference; fileEncoding = 4; lastKnownFileType = sourcecode.swift; path = UIViewExtension.swift; sourceTree = "<group>"; };
		FA27713D29820FF90051A0B3 /* StringExtension.swift */ = {isa = PBXFileReference; fileEncoding = 4; lastKnownFileType = sourcecode.swift; path = StringExtension.swift; sourceTree = "<group>"; };
		FA2771422982190E0051A0B3 /* IOSVersion.swift */ = {isa = PBXFileReference; fileEncoding = 4; lastKnownFileType = sourcecode.swift; path = IOSVersion.swift; sourceTree = "<group>"; };
		FA3BD14D29831648004AFE93 /* IntroView.xib */ = {isa = PBXFileReference; lastKnownFileType = file.xib; path = IntroView.xib; sourceTree = "<group>"; };
		FA3BD14F2983166E004AFE93 /* IntroView.swift */ = {isa = PBXFileReference; lastKnownFileType = sourcecode.swift; path = IntroView.swift; sourceTree = "<group>"; };
		FA3BD15329836070004AFE93 /* UIWindowExtension.swift */ = {isa = PBXFileReference; fileEncoding = 4; lastKnownFileType = sourcecode.swift; path = UIWindowExtension.swift; sourceTree = "<group>"; };
		FA3BD155298365AB004AFE93 /* AppOpenAd.swift */ = {isa = PBXFileReference; lastKnownFileType = sourcecode.swift; path = AppOpenAd.swift; sourceTree = "<group>"; };
		FA62F11B2966963500D84B0D /* SimplyTallyCounter.app */ = {isa = PBXFileReference; explicitFileType = wrapper.application; includeInIndex = 0; path = SimplyTallyCounter.app; sourceTree = BUILT_PRODUCTS_DIR; };
		FA62F11E2966963500D84B0D /* AppDelegate.swift */ = {isa = PBXFileReference; lastKnownFileType = sourcecode.swift; path = AppDelegate.swift; sourceTree = "<group>"; };
		FA62F1202966963500D84B0D /* SceneDelegate.swift */ = {isa = PBXFileReference; lastKnownFileType = sourcecode.swift; path = SceneDelegate.swift; sourceTree = "<group>"; };
		FA62F1222966963500D84B0D /* ViewController.swift */ = {isa = PBXFileReference; lastKnownFileType = sourcecode.swift; path = ViewController.swift; sourceTree = "<group>"; };
		FA62F1252966963500D84B0D /* Base */ = {isa = PBXFileReference; lastKnownFileType = file.storyboard; name = Base; path = Base.lproj/Main.storyboard; sourceTree = "<group>"; };
		FA62F1272966963700D84B0D /* Assets.xcassets */ = {isa = PBXFileReference; lastKnownFileType = folder.assetcatalog; path = Assets.xcassets; sourceTree = "<group>"; };
		FA62F12A2966963700D84B0D /* Base */ = {isa = PBXFileReference; lastKnownFileType = file.storyboard; name = Base; path = Base.lproj/LaunchScreen.storyboard; sourceTree = "<group>"; };
		FA62F12C2966963700D84B0D /* Info.plist */ = {isa = PBXFileReference; lastKnownFileType = text.plist.xml; path = Info.plist; sourceTree = "<group>"; };
		FA950DA8298242C700EDBD8F /* RoundButton.swift */ = {isa = PBXFileReference; fileEncoding = 4; lastKnownFileType = sourcecode.swift; path = RoundButton.swift; sourceTree = "<group>"; };
/* End PBXFileReference section */

/* Begin PBXFrameworksBuildPhase section */
		FA62F1182966963500D84B0D /* Frameworks */ = {
			isa = PBXFrameworksBuildPhase;
			buildActionMask = 2147483647;
			files = (
				FA27713229820E2A0051A0B3 /* Defaults in Frameworks */,
				83E8EA3F721AC18D9967BC56 /* Pods_SimplyTallyCounter.framework in Frameworks */,
			);
			runOnlyForDeploymentPostprocessing = 0;
		};
/* End PBXFrameworksBuildPhase section */

/* Begin PBXGroup section */
		1606B2CD1E78EDD48A572FDE /* Pods */ = {
			isa = PBXGroup;
			children = (
				D5781EB08F487BEDB1E50C3E /* Pods-SimplyTallyCounter.debug.xcconfig */,
				8E1845608E5E8EFA7FAFF0C0 /* Pods-SimplyTallyCounter.release.xcconfig */,
			);
			path = Pods;
			sourceTree = "<group>";
		};
		D88B69FB7A7D3080A09F033A /* Frameworks */ = {
			isa = PBXGroup;
			children = (
				BFB1C05DB358360D6F959F70 /* Pods_SimplyTallyCounter.framework */,
			);
			name = Frameworks;
			sourceTree = "<group>";
		};
		FA27712729820B760051A0B3 /* GoogleAD */ = {
			isa = PBXGroup;
			children = (
				FA27712829820B760051A0B3 /* MyAdUnit.swift */,
				FA27712929820B760051A0B3 /* BannerAd.swift */,
				FA27712A29820B760051A0B3 /* InterstitialAd.swift */,
				FA3BD155298365AB004AFE93 /* AppOpenAd.swift */,
			);
			path = GoogleAD;
			sourceTree = "<group>";
		};
		FA27713F298210230051A0B3 /* CommFiles */ = {
			isa = PBXGroup;
			children = (
				FA3BD15329836070004AFE93 /* UIWindowExtension.swift */,
				FA950DA8298242C700EDBD8F /* RoundButton.swift */,
				FA2771422982190E0051A0B3 /* IOSVersion.swift */,
				FA27713D29820FF90051A0B3 /* StringExtension.swift */,
				FA27713B29820FC00051A0B3 /* UIViewExtension.swift */,
				FA27713929820FAF0051A0B3 /* SpeedLog.swift */,
				FA27713529820F210051A0B3 /* UIApplicationExtension.swift */,
				FA27713329820EE20051A0B3 /* Bundle.swift */,
				FA27712E29820B9E0051A0B3 /* RatingAppManager.swift */,
				FA27712729820B760051A0B3 /* GoogleAD */,
			);
			path = CommFiles;
			sourceTree = "<group>";
		};
		FA62F1122966963500D84B0D = {
			isa = PBXGroup;
			children = (
				FA62F11D2966963500D84B0D /* SimplyTallyCounter */,
				FA62F11C2966963500D84B0D /* Products */,
				1606B2CD1E78EDD48A572FDE /* Pods */,
				D88B69FB7A7D3080A09F033A /* Frameworks */,
			);
			sourceTree = "<group>";
		};
		FA62F11C2966963500D84B0D /* Products */ = {
			isa = PBXGroup;
			children = (
				FA62F11B2966963500D84B0D /* SimplyTallyCounter.app */,
			);
			name = Products;
			sourceTree = "<group>";
		};
		FA62F11D2966963500D84B0D /* SimplyTallyCounter */ = {
			isa = PBXGroup;
			children = (
				FA27713F298210230051A0B3 /* CommFiles */,
				FA62F11E2966963500D84B0D /* AppDelegate.swift */,
				FA62F1202966963500D84B0D /* SceneDelegate.swift */,
				FA62F1222966963500D84B0D /* ViewController.swift */,
				FA27713729820F680051A0B3 /* MyAdUnitExtension.swift */,
				FA62F1242966963500D84B0D /* Main.storyboard */,
				FA62F1272966963700D84B0D /* Assets.xcassets */,
				FA62F1292966963700D84B0D /* LaunchScreen.storyboard */,
				FA62F12C2966963700D84B0D /* Info.plist */,
				FA2771232982052F0051A0B3 /* SettingViewController.swift */,
				FA2771242982052F0051A0B3 /* SettingViewController.xib */,
				FA3BD14D29831648004AFE93 /* IntroView.xib */,
				FA3BD14F2983166E004AFE93 /* IntroView.swift */,
			);
			path = SimplyTallyCounter;
			sourceTree = "<group>";
		};
/* End PBXGroup section */

/* Begin PBXNativeTarget section */
		FA62F11A2966963500D84B0D /* SimplyTallyCounter */ = {
			isa = PBXNativeTarget;
			buildConfigurationList = FA62F12F2966963700D84B0D /* Build configuration list for PBXNativeTarget "SimplyTallyCounter" */;
			buildPhases = (
				EF9973FE741032956F8A80D8 /* [CP] Check Pods Manifest.lock */,
				FA62F1172966963500D84B0D /* Sources */,
				FA62F1182966963500D84B0D /* Frameworks */,
				FA62F1192966963500D84B0D /* Resources */,
				88E9420FB4C508D4ABBA35DA /* [CP] Embed Pods Frameworks */,
			);
			buildRules = (
			);
			dependencies = (
			);
			name = SimplyTallyCounter;
			packageProductDependencies = (
				FA27713129820E2A0051A0B3 /* Defaults */,
			);
			productName = SimplyTallyCounter;
			productReference = FA62F11B2966963500D84B0D /* SimplyTallyCounter.app */;
			productType = "com.apple.product-type.application";
		};
/* End PBXNativeTarget section */

/* Begin PBXProject section */
		FA62F1132966963500D84B0D /* Project object */ = {
			isa = PBXProject;
			attributes = {
				BuildIndependentTargetsInParallel = 1;
				LastSwiftUpdateCheck = 1420;
				LastUpgradeCheck = 1420;
				TargetAttributes = {
					FA62F11A2966963500D84B0D = {
						CreatedOnToolsVersion = 14.2;
					};
				};
			};
			buildConfigurationList = FA62F1162966963500D84B0D /* Build configuration list for PBXProject "SimplyTallyCounter" */;
			compatibilityVersion = "Xcode 14.0";
			developmentRegion = en;
			hasScannedForEncodings = 0;
			knownRegions = (
				en,
				Base,
			);
			mainGroup = FA62F1122966963500D84B0D;
			packageReferences = (
				FA27713029820E2A0051A0B3 /* XCRemoteSwiftPackageReference "Defaults" */,
			);
			productRefGroup = FA62F11C2966963500D84B0D /* Products */;
			projectDirPath = "";
			projectRoot = "";
			targets = (
				FA62F11A2966963500D84B0D /* SimplyTallyCounter */,
			);
		};
/* End PBXProject section */

/* Begin PBXResourcesBuildPhase section */
		FA62F1192966963500D84B0D /* Resources */ = {
			isa = PBXResourcesBuildPhase;
			buildActionMask = 2147483647;
			files = (
				FA62F12B2966963700D84B0D /* LaunchScreen.storyboard in Resources */,
				FA62F1282966963700D84B0D /* Assets.xcassets in Resources */,
				FA62F1262966963500D84B0D /* Main.storyboard in Resources */,
				FA2771262982052F0051A0B3 /* SettingViewController.xib in Resources */,
				FA3BD14E29831648004AFE93 /* IntroView.xib in Resources */,
			);
			runOnlyForDeploymentPostprocessing = 0;
		};
/* End PBXResourcesBuildPhase section */

/* Begin PBXShellScriptBuildPhase section */
		88E9420FB4C508D4ABBA35DA /* [CP] Embed Pods Frameworks */ = {
			isa = PBXShellScriptBuildPhase;
			buildActionMask = 2147483647;
			files = (
			);
			inputFileListPaths = (
				"${PODS_ROOT}/Target Support Files/Pods-SimplyTallyCounter/Pods-SimplyTallyCounter-frameworks-${CONFIGURATION}-input-files.xcfilelist",
			);
			name = "[CP] Embed Pods Frameworks";
			outputFileListPaths = (
				"${PODS_ROOT}/Target Support Files/Pods-SimplyTallyCounter/Pods-SimplyTallyCounter-frameworks-${CONFIGURATION}-output-files.xcfilelist",
			);
			runOnlyForDeploymentPostprocessing = 0;
			shellPath = /bin/sh;
			shellScript = "\"${PODS_ROOT}/Target Support Files/Pods-SimplyTallyCounter/Pods-SimplyTallyCounter-frameworks.sh\"\n";
			showEnvVarsInLog = 0;
		};
		EF9973FE741032956F8A80D8 /* [CP] Check Pods Manifest.lock */ = {
			isa = PBXShellScriptBuildPhase;
			buildActionMask = 2147483647;
			files = (
			);
			inputFileListPaths = (
			);
			inputPaths = (
				"${PODS_PODFILE_DIR_PATH}/Podfile.lock",
				"${PODS_ROOT}/Manifest.lock",
			);
			name = "[CP] Check Pods Manifest.lock";
			outputFileListPaths = (
			);
			outputPaths = (
				"$(DERIVED_FILE_DIR)/Pods-SimplyTallyCounter-checkManifestLockResult.txt",
			);
			runOnlyForDeploymentPostprocessing = 0;
			shellPath = /bin/sh;
			shellScript = "diff \"${PODS_PODFILE_DIR_PATH}/Podfile.lock\" \"${PODS_ROOT}/Manifest.lock\" > /dev/null\nif [ $? != 0 ] ; then\n    # print error to STDERR\n    echo \"error: The sandbox is not in sync with the Podfile.lock. Run 'pod install' or update your CocoaPods installation.\" >&2\n    exit 1\nfi\n# This output is used by Xcode 'outputs' to avoid re-running this script phase.\necho \"SUCCESS\" > \"${SCRIPT_OUTPUT_FILE_0}\"\n";
			showEnvVarsInLog = 0;
		};
/* End PBXShellScriptBuildPhase section */

/* Begin PBXSourcesBuildPhase section */
		FA62F1172966963500D84B0D /* Sources */ = {
			isa = PBXSourcesBuildPhase;
			buildActionMask = 2147483647;
			files = (
				FA950DA9298242C700EDBD8F /* RoundButton.swift in Sources */,
				FA2771432982190E0051A0B3 /* IOSVersion.swift in Sources */,
				FA27712D29820B760051A0B3 /* InterstitialAd.swift in Sources */,
				FA3BD15429836070004AFE93 /* UIWindowExtension.swift in Sources */,
				FA27713429820EE20051A0B3 /* Bundle.swift in Sources */,
				FA27713629820F210051A0B3 /* UIApplicationExtension.swift in Sources */,
				FA62F1232966963500D84B0D /* ViewController.swift in Sources */,
				FA27712F29820B9E0051A0B3 /* RatingAppManager.swift in Sources */,
				FA62F11F2966963500D84B0D /* AppDelegate.swift in Sources */,
				FA27713829820F680051A0B3 /* MyAdUnitExtension.swift in Sources */,
				FA62F1212966963500D84B0D /* SceneDelegate.swift in Sources */,
				FA27713E29820FF90051A0B3 /* StringExtension.swift in Sources */,
				FA27713A29820FAF0051A0B3 /* SpeedLog.swift in Sources */,
				FA27713C29820FC00051A0B3 /* UIViewExtension.swift in Sources */,
				FA3BD156298365AB004AFE93 /* AppOpenAd.swift in Sources */,
				FA3BD1502983166E004AFE93 /* IntroView.swift in Sources */,
				FA27712B29820B760051A0B3 /* MyAdUnit.swift in Sources */,
				FA27712C29820B760051A0B3 /* BannerAd.swift in Sources */,
				FA2771252982052F0051A0B3 /* SettingViewController.swift in Sources */,
			);
			runOnlyForDeploymentPostprocessing = 0;
		};
/* End PBXSourcesBuildPhase section */

/* Begin PBXVariantGroup section */
		FA62F1242966963500D84B0D /* Main.storyboard */ = {
			isa = PBXVariantGroup;
			children = (
				FA62F1252966963500D84B0D /* Base */,
			);
			name = Main.storyboard;
			sourceTree = "<group>";
		};
		FA62F1292966963700D84B0D /* LaunchScreen.storyboard */ = {
			isa = PBXVariantGroup;
			children = (
				FA62F12A2966963700D84B0D /* Base */,
			);
			name = LaunchScreen.storyboard;
			sourceTree = "<group>";
		};
/* End PBXVariantGroup section */

/* Begin XCBuildConfiguration section */
		FA62F12D2966963700D84B0D /* Debug */ = {
			isa = XCBuildConfiguration;
			buildSettings = {
				ALWAYS_SEARCH_USER_PATHS = NO;
				CLANG_ANALYZER_NONNULL = YES;
				CLANG_ANALYZER_NUMBER_OBJECT_CONVERSION = YES_AGGRESSIVE;
				CLANG_CXX_LANGUAGE_STANDARD = "gnu++20";
				CLANG_ENABLE_MODULES = YES;
				CLANG_ENABLE_OBJC_ARC = YES;
				CLANG_ENABLE_OBJC_WEAK = YES;
				CLANG_WARN_BLOCK_CAPTURE_AUTORELEASING = YES;
				CLANG_WARN_BOOL_CONVERSION = YES;
				CLANG_WARN_COMMA = YES;
				CLANG_WARN_CONSTANT_CONVERSION = YES;
				CLANG_WARN_DEPRECATED_OBJC_IMPLEMENTATIONS = YES;
				CLANG_WARN_DIRECT_OBJC_ISA_USAGE = YES_ERROR;
				CLANG_WARN_DOCUMENTATION_COMMENTS = YES;
				CLANG_WARN_EMPTY_BODY = YES;
				CLANG_WARN_ENUM_CONVERSION = YES;
				CLANG_WARN_INFINITE_RECURSION = YES;
				CLANG_WARN_INT_CONVERSION = YES;
				CLANG_WARN_NON_LITERAL_NULL_CONVERSION = YES;
				CLANG_WARN_OBJC_IMPLICIT_RETAIN_SELF = YES;
				CLANG_WARN_OBJC_LITERAL_CONVERSION = YES;
				CLANG_WARN_OBJC_ROOT_CLASS = YES_ERROR;
				CLANG_WARN_QUOTED_INCLUDE_IN_FRAMEWORK_HEADER = YES;
				CLANG_WARN_RANGE_LOOP_ANALYSIS = YES;
				CLANG_WARN_STRICT_PROTOTYPES = YES;
				CLANG_WARN_SUSPICIOUS_MOVE = YES;
				CLANG_WARN_UNGUARDED_AVAILABILITY = YES_AGGRESSIVE;
				CLANG_WARN_UNREACHABLE_CODE = YES;
				CLANG_WARN__DUPLICATE_METHOD_MATCH = YES;
				COPY_PHASE_STRIP = NO;
				DEBUG_INFORMATION_FORMAT = dwarf;
				ENABLE_STRICT_OBJC_MSGSEND = YES;
				ENABLE_TESTABILITY = YES;
				GCC_C_LANGUAGE_STANDARD = gnu11;
				GCC_DYNAMIC_NO_PIC = NO;
				GCC_NO_COMMON_BLOCKS = YES;
				GCC_OPTIMIZATION_LEVEL = 0;
				GCC_PREPROCESSOR_DEFINITIONS = (
					"DEBUG=1",
					"$(inherited)",
				);
				GCC_WARN_64_TO_32_BIT_CONVERSION = YES;
				GCC_WARN_ABOUT_RETURN_TYPE = YES_ERROR;
				GCC_WARN_UNDECLARED_SELECTOR = YES;
				GCC_WARN_UNINITIALIZED_AUTOS = YES_AGGRESSIVE;
				GCC_WARN_UNUSED_FUNCTION = YES;
				GCC_WARN_UNUSED_VARIABLE = YES;
				IPHONEOS_DEPLOYMENT_TARGET = 16.2;
				MTL_ENABLE_DEBUG_INFO = INCLUDE_SOURCE;
				MTL_FAST_MATH = YES;
				ONLY_ACTIVE_ARCH = YES;
				SDKROOT = iphoneos;
				SWIFT_ACTIVE_COMPILATION_CONDITIONS = DEBUG;
				SWIFT_OPTIMIZATION_LEVEL = "-Onone";
			};
			name = Debug;
		};
		FA62F12E2966963700D84B0D /* Release */ = {
			isa = XCBuildConfiguration;
			buildSettings = {
				ALWAYS_SEARCH_USER_PATHS = NO;
				CLANG_ANALYZER_NONNULL = YES;
				CLANG_ANALYZER_NUMBER_OBJECT_CONVERSION = YES_AGGRESSIVE;
				CLANG_CXX_LANGUAGE_STANDARD = "gnu++20";
				CLANG_ENABLE_MODULES = YES;
				CLANG_ENABLE_OBJC_ARC = YES;
				CLANG_ENABLE_OBJC_WEAK = YES;
				CLANG_WARN_BLOCK_CAPTURE_AUTORELEASING = YES;
				CLANG_WARN_BOOL_CONVERSION = YES;
				CLANG_WARN_COMMA = YES;
				CLANG_WARN_CONSTANT_CONVERSION = YES;
				CLANG_WARN_DEPRECATED_OBJC_IMPLEMENTATIONS = YES;
				CLANG_WARN_DIRECT_OBJC_ISA_USAGE = YES_ERROR;
				CLANG_WARN_DOCUMENTATION_COMMENTS = YES;
				CLANG_WARN_EMPTY_BODY = YES;
				CLANG_WARN_ENUM_CONVERSION = YES;
				CLANG_WARN_INFINITE_RECURSION = YES;
				CLANG_WARN_INT_CONVERSION = YES;
				CLANG_WARN_NON_LITERAL_NULL_CONVERSION = YES;
				CLANG_WARN_OBJC_IMPLICIT_RETAIN_SELF = YES;
				CLANG_WARN_OBJC_LITERAL_CONVERSION = YES;
				CLANG_WARN_OBJC_ROOT_CLASS = YES_ERROR;
				CLANG_WARN_QUOTED_INCLUDE_IN_FRAMEWORK_HEADER = YES;
				CLANG_WARN_RANGE_LOOP_ANALYSIS = YES;
				CLANG_WARN_STRICT_PROTOTYPES = YES;
				CLANG_WARN_SUSPICIOUS_MOVE = YES;
				CLANG_WARN_UNGUARDED_AVAILABILITY = YES_AGGRESSIVE;
				CLANG_WARN_UNREACHABLE_CODE = YES;
				CLANG_WARN__DUPLICATE_METHOD_MATCH = YES;
				COPY_PHASE_STRIP = NO;
				DEBUG_INFORMATION_FORMAT = "dwarf-with-dsym";
				ENABLE_NS_ASSERTIONS = NO;
				ENABLE_STRICT_OBJC_MSGSEND = YES;
				GCC_C_LANGUAGE_STANDARD = gnu11;
				GCC_NO_COMMON_BLOCKS = YES;
				GCC_WARN_64_TO_32_BIT_CONVERSION = YES;
				GCC_WARN_ABOUT_RETURN_TYPE = YES_ERROR;
				GCC_WARN_UNDECLARED_SELECTOR = YES;
				GCC_WARN_UNINITIALIZED_AUTOS = YES_AGGRESSIVE;
				GCC_WARN_UNUSED_FUNCTION = YES;
				GCC_WARN_UNUSED_VARIABLE = YES;
				IPHONEOS_DEPLOYMENT_TARGET = 16.2;
				MTL_ENABLE_DEBUG_INFO = NO;
				MTL_FAST_MATH = YES;
				SDKROOT = iphoneos;
				SWIFT_COMPILATION_MODE = wholemodule;
				SWIFT_OPTIMIZATION_LEVEL = "-O";
				VALIDATE_PRODUCT = YES;
			};
			name = Release;
		};
		FA62F1302966963700D84B0D /* Debug */ = {
			isa = XCBuildConfiguration;
			baseConfigurationReference = D5781EB08F487BEDB1E50C3E /* Pods-SimplyTallyCounter.debug.xcconfig */;
			buildSettings = {
				ASSETCATALOG_COMPILER_APPICON_NAME = AppIcon;
				ASSETCATALOG_COMPILER_GLOBAL_ACCENT_COLOR_NAME = AccentColor;
				CODE_SIGN_STYLE = Automatic;
				CURRENT_PROJECT_VERSION = 3;
				DEVELOPMENT_TEAM = C8EQ7EL7JY;
				GENERATE_INFOPLIST_FILE = YES;
				INFOPLIST_FILE = SimplyTallyCounter/Info.plist;
				INFOPLIST_KEY_UIApplicationSupportsIndirectInputEvents = YES;
				INFOPLIST_KEY_UILaunchStoryboardName = LaunchScreen;
				INFOPLIST_KEY_UIMainStoryboardFile = Main;
				INFOPLIST_KEY_UISupportedInterfaceOrientations = UIInterfaceOrientationPortrait;
				INFOPLIST_KEY_UISupportedInterfaceOrientations_iPad = "UIInterfaceOrientationLandscapeLeft UIInterfaceOrientationLandscapeRight UIInterfaceOrientationPortrait UIInterfaceOrientationPortraitUpsideDown";
				IPHONEOS_DEPLOYMENT_TARGET = 14.0;
				LD_RUNPATH_SEARCH_PATHS = (
					"$(inherited)",
					"@executable_path/Frameworks",
				);
				MARKETING_VERSION = 1.1;
				PRODUCT_BUNDLE_IDENTIFIER = com.ccs.SimplyTallyCounter;
				PRODUCT_NAME = "$(TARGET_NAME)";
				SUPPORTED_PLATFORMS = "iphoneos iphonesimulator";
				SUPPORTS_MACCATALYST = NO;
				SUPPORTS_MAC_DESIGNED_FOR_IPHONE_IPAD = NO;
				SWIFT_EMIT_LOC_STRINGS = YES;
				SWIFT_VERSION = 5.0;
				TARGETED_DEVICE_FAMILY = 1;
			};
			name = Debug;
		};
		FA62F1312966963700D84B0D /* Release */ = {
			isa = XCBuildConfiguration;
			baseConfigurationReference = 8E1845608E5E8EFA7FAFF0C0 /* Pods-SimplyTallyCounter.release.xcconfig */;
			buildSettings = {
				ASSETCATALOG_COMPILER_APPICON_NAME = AppIcon;
				ASSETCATALOG_COMPILER_GLOBAL_ACCENT_COLOR_NAME = AccentColor;
				CODE_SIGN_STYLE = Automatic;
				CURRENT_PROJECT_VERSION = 3;
				DEVELOPMENT_TEAM = C8EQ7EL7JY;
				GENERATE_INFOPLIST_FILE = YES;
				INFOPLIST_FILE = SimplyTallyCounter/Info.plist;
				INFOPLIST_KEY_UIApplicationSupportsIndirectInputEvents = YES;
				INFOPLIST_KEY_UILaunchStoryboardName = LaunchScreen;
				INFOPLIST_KEY_UIMainStoryboardFile = Main;
				INFOPLIST_KEY_UISupportedInterfaceOrientations = UIInterfaceOrientationPortrait;
				INFOPLIST_KEY_UISupportedInterfaceOrientations_iPad = "UIInterfaceOrientationLandscapeLeft UIInterfaceOrientationLandscapeRight UIInterfaceOrientationPortrait UIInterfaceOrientationPortraitUpsideDown";
				IPHONEOS_DEPLOYMENT_TARGET = 14.0;
				LD_RUNPATH_SEARCH_PATHS = (
					"$(inherited)",
					"@executable_path/Frameworks",
				);
				MARKETING_VERSION = 1.1;
				PRODUCT_BUNDLE_IDENTIFIER = com.ccs.SimplyTallyCounter;
				PRODUCT_NAME = "$(TARGET_NAME)";
				SUPPORTED_PLATFORMS = "iphoneos iphonesimulator";
				SUPPORTS_MACCATALYST = NO;
				SUPPORTS_MAC_DESIGNED_FOR_IPHONE_IPAD = NO;
				SWIFT_EMIT_LOC_STRINGS = YES;
				SWIFT_VERSION = 5.0;
				TARGETED_DEVICE_FAMILY = 1;
			};
			name = Release;
		};
/* End XCBuildConfiguration section */

/* Begin XCConfigurationList section */
		FA62F1162966963500D84B0D /* Build configuration list for PBXProject "SimplyTallyCounter" */ = {
			isa = XCConfigurationList;
			buildConfigurations = (
				FA62F12D2966963700D84B0D /* Debug */,
				FA62F12E2966963700D84B0D /* Release */,
			);
			defaultConfigurationIsVisible = 0;
			defaultConfigurationName = Release;
		};
		FA62F12F2966963700D84B0D /* Build configuration list for PBXNativeTarget "SimplyTallyCounter" */ = {
			isa = XCConfigurationList;
			buildConfigurations = (
				FA62F1302966963700D84B0D /* Debug */,
				FA62F1312966963700D84B0D /* Release */,
			);
			defaultConfigurationIsVisible = 0;
			defaultConfigurationName = Release;
		};
/* End XCConfigurationList section */

/* Begin XCRemoteSwiftPackageReference section */
		FA27713029820E2A0051A0B3 /* XCRemoteSwiftPackageReference "Defaults" */ = {
			isa = XCRemoteSwiftPackageReference;
			repositoryURL = "https://github.com/sindresorhus/Defaults";
			requirement = {
				branch = main;
				kind = branch;
			};
		};
/* End XCRemoteSwiftPackageReference section */

/* Begin XCSwiftPackageProductDependency section */
		FA27713129820E2A0051A0B3 /* Defaults */ = {
			isa = XCSwiftPackageProductDependency;
			package = FA27713029820E2A0051A0B3 /* XCRemoteSwiftPackageReference "Defaults" */;
			productName = Defaults;
		};
/* End XCSwiftPackageProductDependency section */
	};
	rootObject = FA62F1132966963500D84B0D /* Project object */;
}
